
Microsoft Visual Studio Solution File, Format Version 12.00
# Visual Studio Version 17
VisualStudioVersion = 17.0.32126.317
MinimumVisualStudioVersion = 10.0.40219.1
Project("{9A19103F-16F7-4668-BE54-9A1E7A4F7556}") = "GitHubBrowser", "GitHubBrowser\GitHubBrowser.csproj", "{C3FB83BD-FB71-4D03-9822-6A1F4B244685}"
EndProject
Global
	GlobalSection(SolutionConfigurationPlatforms) = preSolution
		Debug|Any CPU = Debug|Any CPU
		Release|Any CPU = Release|Any CPU
	EndGlobalSection
	GlobalSection(ProjectConfigurationPlatforms) = postSolution
		{C3FB83BD-FB71-4D03-9822-6A1F4B244685}.Debug|Any CPU.ActiveCfg = Debug|Any CPU
		{C3FB83BD-FB71-4D03-9822-6A1F4B244685}.Debug|Any CPU.Build.0 = Debug|Any CPU
		{C3FB83BD-FB71-4D03-9822-6A1F4B244685}.Release|Any CPU.ActiveCfg = Release|Any CPU
		{C3FB83BD-FB71-4D03-9822-6A1F4B244685}.Release|Any CPU.Build.0 = Release|Any CPU
	EndGlobalSection
	GlobalSection(SolutionProperties) = preSolution
		HideSolutionNode = FALSE
	EndGlobalSection
	GlobalSection(ExtensibilityGlobals) = postSolution
		SolutionGuid = {3DE62B1C-AF2A-4A86-8F8F-E3457D34CA64}
	EndGlobalSection
EndGlobal
